// !$*UTF8*$!
{
	archiveVersion = 1;
	classes = {
	};
	objectVersion = 50;
	objects = {

/* Begin PBXBuildFile section */
		453098C024867BE4009D2AE7 /* AppDelegate.swift in Sources */ = {isa = PBXBuildFile; fileRef = 453098BF24867BE4009D2AE7 /* AppDelegate.swift */; };
		453098C224867BE4009D2AE7 /* SceneDelegate.swift in Sources */ = {isa = PBXBuildFile; fileRef = 453098C124867BE4009D2AE7 /* SceneDelegate.swift */; };
		453098C724867BE4009D2AE7 /* Main.storyboard in Resources */ = {isa = PBXBuildFile; fileRef = 453098C524867BE4009D2AE7 /* Main.storyboard */; };
		453098C924867BE7009D2AE7 /* Assets.xcassets in Resources */ = {isa = PBXBuildFile; fileRef = 453098C824867BE7009D2AE7 /* Assets.xcassets */; };
		453098CC24867BE7009D2AE7 /* LaunchScreen.storyboard in Resources */ = {isa = PBXBuildFile; fileRef = 453098CA24867BE7009D2AE7 /* LaunchScreen.storyboard */; };
		453098D5248689FC009D2AE7 /* Midel.swift in Sources */ = {isa = PBXBuildFile; fileRef = 453098D4248689FC009D2AE7 /* Midel.swift */; };
		453098D724868D37009D2AE7 /* MemoListTableViewController.swift in Sources */ = {isa = PBXBuildFile; fileRef = 453098D624868D37009D2AE7 /* MemoListTableViewController.swift */; };
/* End PBXBuildFile section */

/* Begin PBXFileReference section */
		453098BC24867BE4009D2AE7 /* RMemo.app */ = {isa = PBXFileReference; explicitFileType = wrapper.application; includeInIndex = 0; path = RMemo.app; sourceTree = BUILT_PRODUCTS_DIR; };
		453098BF24867BE4009D2AE7 /* AppDelegate.swift */ = {isa = PBXFileReference; lastKnownFileType = sourcecode.swift; path = AppDelegate.swift; sourceTree = "<group>"; };
		453098C124867BE4009D2AE7 /* SceneDelegate.swift */ = {isa = PBXFileReference; lastKnownFileType = sourcecode.swift; path = SceneDelegate.swift; sourceTree = "<group>"; };
		453098C624867BE4009D2AE7 /* Base */ = {isa = PBXFileReference; lastKnownFileType = file.storyboard; name = Base; path = Base.lproj/Main.storyboard; sourceTree = "<group>"; };
		453098C824867BE7009D2AE7 /* Assets.xcassets */ = {isa = PBXFileReference; lastKnownFileType = folder.assetcatalog; path = Assets.xcassets; sourceTree = "<group>"; };
		453098CB24867BE7009D2AE7 /* Base */ = {isa = PBXFileReference; lastKnownFileType = file.storyboard; name = Base; path = Base.lproj/LaunchScreen.storyboard; sourceTree = "<group>"; };
		453098CD24867BE7009D2AE7 /* Info.plist */ = {isa = PBXFileReference; lastKnownFileType = text.plist.xml; path = Info.plist; sourceTree = "<group>"; };
		453098D4248689FC009D2AE7 /* Midel.swift */ = {isa = PBXFileReference; lastKnownFileType = sourcecode.swift; path = Midel.swift; sourceTree = "<group>"; };
		453098D624868D37009D2AE7 /* MemoListTableViewController.swift */ = {isa = PBXFileReference; lastKnownFileType = sourcecode.swift; path = MemoListTableViewController.swift; sourceTree = "<group>"; };
/* End PBXFileReference section */

/* Begin PBXFrameworksBuildPhase section */
		453098B924867BE4009D2AE7 /* Frameworks */ = {
			isa = PBXFrameworksBuildPhase;
			buildActionMask = 2147483647;
			files = (
			);
			runOnlyForDeploymentPostprocessing = 0;
		};
/* End PBXFrameworksBuildPhase section */

/* Begin PBXGroup section */
		453098B324867BE4009D2AE7 = {
			isa = PBXGroup;
			children = (
				453098BE24867BE4009D2AE7 /* RMemo */,
				453098BD24867BE4009D2AE7 /* Products */,
			);
			sourceTree = "<group>";
		};
		453098BD24867BE4009D2AE7 /* Products */ = {
			isa = PBXGroup;
			children = (
				453098BC24867BE4009D2AE7 /* RMemo.app */,
			);
			name = Products;
			sourceTree = "<group>";
		};
		453098BE24867BE4009D2AE7 /* RMemo */ = {
			isa = PBXGroup;
			children = (
				453098D3248689D4009D2AE7 /* Model */,
				453098BF24867BE4009D2AE7 /* AppDelegate.swift */,
				453098C124867BE4009D2AE7 /* SceneDelegate.swift */,
				453098C524867BE4009D2AE7 /* Main.storyboard */,
				453098C824867BE7009D2AE7 /* Assets.xcassets */,
				453098CA24867BE7009D2AE7 /* LaunchScreen.storyboard */,
				453098CD24867BE7009D2AE7 /* Info.plist */,
				453098D624868D37009D2AE7 /* MemoListTableViewController.swift */,
			);
			path = RMemo;
			sourceTree = "<group>";
		};
		453098D3248689D4009D2AE7 /* Model */ = {
			isa = PBXGroup;
			children = (
				453098D4248689FC009D2AE7 /* Midel.swift */,
			);
			path = Model;
			sourceTree = "<group>";
		};
/* End PBXGroup section */

/* Begin PBXNativeTarget section */
		453098BB24867BE4009D2AE7 /* RMemo */ = {
			isa = PBXNativeTarget;
			buildConfigurationList = 453098D024867BE7009D2AE7 /* Build configuration list for PBXNativeTarget "RMemo" */;
			buildPhases = (
				453098B824867BE4009D2AE7 /* Sources */,
				453098B924867BE4009D2AE7 /* Frameworks */,
				453098BA24867BE4009D2AE7 /* Resources */,
			);
			buildRules = (
			);
			dependencies = (
			);
			name = RMemo;
			productName = RMemo;
			productReference = 453098BC24867BE4009D2AE7 /* RMemo.app */;
			productType = "com.apple.product-type.application";
		};
/* End PBXNativeTarget section */

/* Begin PBXProject section */
		453098B424867BE4009D2AE7 /* Project object */ = {
			isa = PBXProject;
			attributes = {
				LastSwiftUpdateCheck = 1150;
				LastUpgradeCheck = 1150;
				ORGANIZATIONNAME = yoonar;
				TargetAttributes = {
					453098BB24867BE4009D2AE7 = {
						CreatedOnToolsVersion = 11.5;
					};
				};
			};
			buildConfigurationList = 453098B724867BE4009D2AE7 /* Build configuration list for PBXProject "RMemo" */;
			compatibilityVersion = "Xcode 9.3";
			developmentRegion = en;
			hasScannedForEncodings = 0;
			knownRegions = (
				en,
				Base,
			);
			mainGroup = 453098B324867BE4009D2AE7;
			productRefGroup = 453098BD24867BE4009D2AE7 /* Products */;
			projectDirPath = "";
			projectRoot = "";
			targets = (
				453098BB24867BE4009D2AE7 /* RMemo */,
			);
		};
/* End PBXProject section */

/* Begin PBXResourcesBuildPhase section */
		453098BA24867BE4009D2AE7 /* Resources */ = {
			isa = PBXResourcesBuildPhase;
			buildActionMask = 2147483647;
			files = (
				453098CC24867BE7009D2AE7 /* LaunchScreen.storyboard in Resources */,
				453098C924867BE7009D2AE7 /* Assets.xcassets in Resources */,
				453098C724867BE4009D2AE7 /* Main.storyboard in Resources */,
			);
			runOnlyForDeploymentPostprocessing = 0;
		};
/* End PBXResourcesBuildPhase section */

/* Begin PBXSourcesBuildPhase section */
		453098B824867BE4009D2AE7 /* Sources */ = {
			isa = PBXSourcesBuildPhase;
			buildActionMask = 2147483647;
			files = (
				453098D5248689FC009D2AE7 /* Midel.swift in Sources */,
				453098C024867BE4009D2AE7 /* AppDelegate.swift in Sources */,
				453098C224867BE4009D2AE7 /* SceneDelegate.swift in Sources */,
				453098D724868D37009D2AE7 /* MemoListTableViewController.swift in Sources */,
			);
			runOnlyForDeploymentPostprocessing = 0;
		};
/* End PBXSourcesBuildPhase section */

/* Begin PBXVariantGroup section */
		453098C524867BE4009D2AE7 /* Main.storyboard */ = {
			isa = PBXVariantGroup;
			children = (
				453098C624867BE4009D2AE7 /* Base */,
			);
			name = Main.storyboard;
			sourceTree = "<group>";
		};
		453098CA24867BE7009D2AE7 /* LaunchScreen.storyboard */ = {
			isa = PBXVariantGroup;
			children = (
				453098CB24867BE7009D2AE7 /* Base */,
			);
			name = LaunchScreen.storyboard;
			sourceTree = "<group>";
		};
/* End PBXVariantGroup section */

/* Begin XCBuildConfiguration section */
		453098CE24867BE7009D2AE7 /* Debug */ = {
			isa = XCBuildConfiguration;
			buildSettings = {
				ALWAYS_SEARCH_USER_PATHS = NO;
				CLANG_ANALYZER_NONNULL = YES;
				CLANG_ANALYZER_NUMBER_OBJECT_CONVERSION = YES_AGGRESSIVE;
				CLANG_CXX_LANGUAGE_STANDARD = "gnu++14";
				CLANG_CXX_LIBRARY = "libc++";
				CLANG_ENABLE_MODULES = YES;
				CLANG_ENABLE_OBJC_ARC = YES;
				CLANG_ENABLE_OBJC_WEAK = YES;
				CLANG_WARN_BLOCK_CAPTURE_AUTORELEASING = YES;
				CLANG_WARN_BOOL_CONVERSION = YES;
				CLANG_WARN_COMMA = YES;
				CLANG_WARN_CONSTANT_CONVERSION = YES;
				CLANG_WARN_DEPRECATED_OBJC_IMPLEMENTATIONS = YES;
				CLANG_WARN_DIRECT_OBJC_ISA_USAGE = YES_ERROR;
				CLANG_WARN_DOCUMENTATION_COMMENTS = YES;
				CLANG_WARN_EMPTY_BODY = YES;
				CLANG_WARN_ENUM_CONVERSION = YES;
				CLANG_WARN_INFINITE_RECURSION = YES;
				CLANG_WARN_INT_CONVERSION = YES;
				CLANG_WARN_NON_LITERAL_NULL_CONVERSION = YES;
				CLANG_WARN_OBJC_IMPLICIT_RETAIN_SELF = YES;
				CLANG_WARN_OBJC_LITERAL_CONVERSION = YES;
				CLANG_WARN_OBJC_ROOT_CLASS = YES_ERROR;
				CLANG_WARN_RANGE_LOOP_ANALYSIS = YES;
				CLANG_WARN_STRICT_PROTOTYPES = YES;
				CLANG_WARN_SUSPICIOUS_MOVE = YES;
				CLANG_WARN_UNGUARDED_AVAILABILITY = YES_AGGRESSIVE;
				CLANG_WARN_UNREACHABLE_CODE = YES;
				CLANG_WARN__DUPLICATE_METHOD_MATCH = YES;
				COPY_PHASE_STRIP = NO;
				DEBUG_INFORMATION_FORMAT = dwarf;
				ENABLE_STRICT_OBJC_MSGSEND = YES;
				ENABLE_TESTABILITY = YES;
				GCC_C_LANGUAGE_STANDARD = gnu11;
				GCC_DYNAMIC_NO_PIC = NO;
				GCC_NO_COMMON_BLOCKS = YES;
				GCC_OPTIMIZATION_LEVEL = 0;
				GCC_PREPROCESSOR_DEFINITIONS = (
					"DEBUG=1",
					"$(inherited)",
				);
				GCC_WARN_64_TO_32_BIT_CONVERSION = YES;
				GCC_WARN_ABOUT_RETURN_TYPE = YES_ERROR;
				GCC_WARN_UNDECLARED_SELECTOR = YES;
				GCC_WARN_UNINITIALIZED_AUTOS = YES_AGGRESSIVE;
				GCC_WARN_UNUSED_FUNCTION = YES;
				GCC_WARN_UNUSED_VARIABLE = YES;
				IPHONEOS_DEPLOYMENT_TARGET = 13.5;
				MTL_ENABLE_DEBUG_INFO = INCLUDE_SOURCE;
				MTL_FAST_MATH = YES;
				ONLY_ACTIVE_ARCH = YES;
				SDKROOT = iphoneos;
				SWIFT_ACTIVE_COMPILATION_CONDITIONS = DEBUG;
				SWIFT_OPTIMIZATION_LEVEL = "-Onone";
			};
			name = Debug;
		};
		453098CF24867BE7009D2AE7 /* Release */ = {
			isa = XCBuildConfiguration;
			buildSettings = {
				ALWAYS_SEARCH_USER_PATHS = NO;
				CLANG_ANALYZER_NONNULL = YES;
				CLANG_ANALYZER_NUMBER_OBJECT_CONVERSION = YES_AGGRESSIVE;
				CLANG_CXX_LANGUAGE_STANDARD = "gnu++14";
				CLANG_CXX_LIBRARY = "libc++";
				CLANG_ENABLE_MODULES = YES;
				CLANG_ENABLE_OBJC_ARC = YES;
				CLANG_ENABLE_OBJC_WEAK = YES;
				CLANG_WARN_BLOCK_CAPTURE_AUTORELEASING = YES;
				CLANG_WARN_BOOL_CONVERSION = YES;
				CLANG_WARN_COMMA = YES;
				CLANG_WARN_CONSTANT_CONVERSION = YES;
				CLANG_WARN_DEPRECATED_OBJC_IMPLEMENTATIONS = YES;
				CLANG_WARN_DIRECT_OBJC_ISA_USAGE = YES_ERROR;
				CLANG_WARN_DOCUMENTATION_COMMENTS = YES;
				CLANG_WARN_EMPTY_BODY = YES;
				CLANG_WARN_ENUM_CONVERSION = YES;
				CLANG_WARN_INFINITE_RECURSION = YES;
				CLANG_WARN_INT_CONVERSION = YES;
				CLANG_WARN_NON_LITERAL_NULL_CONVERSION = YES;
				CLANG_WARN_OBJC_IMPLICIT_RETAIN_SELF = YES;
				CLANG_WARN_OBJC_LITERAL_CONVERSION = YES;
				CLANG_WARN_OBJC_ROOT_CLASS = YES_ERROR;
				CLANG_WARN_RANGE_LOOP_ANALYSIS = YES;
				CLANG_WARN_STRICT_PROTOTYPES = YES;
				CLANG_WARN_SUSPICIOUS_MOVE = YES;
				CLANG_WARN_UNGUARDED_AVAILABILITY = YES_AGGRESSIVE;
				CLANG_WARN_UNREACHABLE_CODE = YES;
				CLANG_WARN__DUPLICATE_METHOD_MATCH = YES;
				COPY_PHASE_STRIP = NO;
				DEBUG_INFORMATION_FORMAT = "dwarf-with-dsym";
				ENABLE_NS_ASSERTIONS = NO;
				ENABLE_STRICT_OBJC_MSGSEND = YES;
				GCC_C_LANGUAGE_STANDARD = gnu11;
				GCC_NO_COMMON_BLOCKS = YES;
				GCC_WARN_64_TO_32_BIT_CONVERSION = YES;
				GCC_WARN_ABOUT_RETURN_TYPE = YES_ERROR;
				GCC_WARN_UNDECLARED_SELECTOR = YES;
				GCC_WARN_UNINITIALIZED_AUTOS = YES_AGGRESSIVE;
				GCC_WARN_UNUSED_FUNCTION = YES;
				GCC_WARN_UNUSED_VARIABLE = YES;
				IPHONEOS_DEPLOYMENT_TARGET = 13.5;
				MTL_ENABLE_DEBUG_INFO = NO;
				MTL_FAST_MATH = YES;
				SDKROOT = iphoneos;
				SWIFT_COMPILATION_MODE = wholemodule;
				SWIFT_OPTIMIZATION_LEVEL = "-O";
				VALIDATE_PRODUCT = YES;
			};
			name = Release;
		};
		453098D124867BE7009D2AE7 /* Debug */ = {
			isa = XCBuildConfiguration;
			buildSettings = {
				ASSETCATALOG_COMPILER_APPICON_NAME = AppIcon;
				CODE_SIGN_STYLE = Manual;
				DEVELOPMENT_TEAM = "";
				INFOPLIST_FILE = RMemo/Info.plist;
				IPHONEOS_DEPLOYMENT_TARGET = 10.0;
				LD_RUNPATH_SEARCH_PATHS = (
					"$(inherited)",
					"@executable_path/Frameworks",
				);
				PRODUCT_BUNDLE_IDENTIFIER = com.yoonar.RMemo;
				PRODUCT_NAME = "$(TARGET_NAME)";
				PROVISIONING_PROFILE_SPECIFIER = "";
				SWIFT_VERSION = 5.0;
				TARGETED_DEVICE_FAMILY = "1,2";
			};
			name = Debug;
		};
		453098D224867BE7009D2AE7 /* Release */ = {
			isa = XCBuildConfiguration;
			buildSettings = {
				ASSETCATALOG_COMPILER_APPICON_NAME = AppIcon;
				CODE_SIGN_IDENTITY = "Apple Development";
				CODE_SIGN_STYLE = Manual;
				DEVELOPMENT_TEAM = "";
				INFOPLIST_FILE = RMemo/Info.plist;
				IPHONEOS_DEPLOYMENT_TARGET = 10.0;
				LD_RUNPATH_SEARCH_PATHS = (
					"$(inherited)",
					"@executable_path/Frameworks",
				);
				PRODUCT_BUNDLE_IDENTIFIER = com.yoonar.RMemo;
				PRODUCT_NAME = "$(TARGET_NAME)";
				PROVISIONING_PROFILE_SPECIFIER = "";
				SWIFT_VERSION = 5.0;
				TARGETED_DEVICE_FAMILY = "1,2";
			};
			name = Release;
		};
/* End XCBuildConfiguration section */

/* Begin XCConfigurationList section */
		453098B724867BE4009D2AE7 /* Build configuration list for PBXProject "RMemo" */ = {
			isa = XCConfigurationList;
			buildConfigurations = (
				453098CE24867BE7009D2AE7 /* Debug */,
				453098CF24867BE7009D2AE7 /* Release */,
			);
			defaultConfigurationIsVisible = 0;
			defaultConfigurationName = Release;
		};
		453098D024867BE7009D2AE7 /* Build configuration list for PBXNativeTarget "RMemo" */ = {
			isa = XCConfigurationList;
			buildConfigurations = (
				453098D124867BE7009D2AE7 /* Debug */,
				453098D224867BE7009D2AE7 /* Release */,
			);
			defaultConfigurationIsVisible = 0;
			defaultConfigurationName = Release;
		};
/* End XCConfigurationList section */
	};
	rootObject = 453098B424867BE4009D2AE7 /* Project object */;
}
